
Microsoft Visual Studio Solution File, Format Version 12.00
# Visual Studio Version 17
VisualStudioVersion = 17.9.34902.65
MinimumVisualStudioVersion = 10.0.40219.1
Project("{FAE04EC0-301F-11D3-BF4B-00C04F79EFBC}") = "ShinyTestNotification", "ShinyTestNotification\ShinyTestNotification.csproj", "{24905017-EBF5-40B5-ACAF-DCE897354158}"
EndProject
Global
	GlobalSection(SolutionConfigurationPlatforms) = preSolution
		Debug|Any CPU = Debug|Any CPU
		Release|Any CPU = Release|Any CPU
	EndGlobalSection
	GlobalSection(ProjectConfigurationPlatforms) = postSolution
		{24905017-EBF5-40B5-ACAF-DCE897354158}.Debug|Any CPU.ActiveCfg = Debug|Any CPU
		{24905017-EBF5-40B5-ACAF-DCE897354158}.Debug|Any CPU.Build.0 = Debug|Any CPU
		{24905017-EBF5-40B5-ACAF-DCE897354158}.Debug|Any CPU.Deploy.0 = Debug|Any CPU
		{24905017-EBF5-40B5-ACAF-DCE897354158}.Release|Any CPU.ActiveCfg = Release|Any CPU
		{24905017-EBF5-40B5-ACAF-DCE897354158}.Release|Any CPU.Build.0 = Release|Any CPU
		{24905017-EBF5-40B5-ACAF-DCE897354158}.Release|Any CPU.Deploy.0 = Release|Any CPU
	EndGlobalSection
	GlobalSection(SolutionProperties) = preSolution
		HideSolutionNode = FALSE
	EndGlobalSection
	GlobalSection(ExtensibilityGlobals) = postSolution
		SolutionGuid = {CCB700E7-5C31-4D52-ABC2-608BBDAA3A36}
	EndGlobalSection
EndGlobal
